
Microsoft Visual Studio Solution File, Format Version 12.00
# Visual Studio Version 16
VisualStudioVersion = 16.0.31729.503
MinimumVisualStudioVersion = 10.0.40219.1
Project("{FAE04EC0-301F-11D3-BF4B-00C04F79EFBC}") = "MovieGalleryApi", "MovieGalleryApi\MovieGalleryApi.csproj", "{05250957-0C3C-447A-8AAA-CFF2DF0B60BB}"
EndProject
Global
	GlobalSection(SolutionConfigurationPlatforms) = preSolution
		Debug|Any CPU = Debug|Any CPU
		Release|Any CPU = Release|Any CPU
	EndGlobalSection
	GlobalSection(ProjectConfigurationPlatforms) = postSolution
		{05250957-0C3C-447A-8AAA-CFF2DF0B60BB}.Debug|Any CPU.ActiveCfg = Debug|Any CPU
		{05250957-0C3C-447A-8AAA-CFF2DF0B60BB}.Debug|Any CPU.Build.0 = Debug|Any CPU
		{05250957-0C3C-447A-8AAA-CFF2DF0B60BB}.Release|Any CPU.ActiveCfg = Release|Any CPU
		{05250957-0C3C-447A-8AAA-CFF2DF0B60BB}.Release|Any CPU.Build.0 = Release|Any CPU
	EndGlobalSection
	GlobalSection(SolutionProperties) = preSolution
		HideSolutionNode = FALSE
	EndGlobalSection
	GlobalSection(ExtensibilityGlobals) = postSolution
		SolutionGuid = {2540F011-04C3-4EEB-BB5E-F9AE874E3AB1}
	EndGlobalSection
EndGlobal
